
Microsoft Visual Studio Solution File, Format Version 12.00
# Visual Studio Version 17
VisualStudioVersion = 17.3.32901.215
MinimumVisualStudioVersion = 10.0.40219.1
Project("{9A19103F-16F7-4668-BE54-9A1E7A4F7556}") = "GitHubExtension.UITest", "test\UITest\GitHubExtension.UITest.csproj", "{E9F49E1C-C15D-4B87-92CA-9003C1C31DB5}"
EndProject
Project("{9A19103F-16F7-4668-BE54-9A1E7A4F7556}") = "GitHubExtension.TestConsole", "test\Console\GitHubExtension.TestConsole.csproj", "{90991D71-5740-4C75-B79B-6092F4D75BF4}"
EndProject
Project("{9A19103F-16F7-4668-BE54-9A1E7A4F7556}") = "GitHubExtension", "src\GitHubExtension\GitHubExtension.csproj", "{FFC1FC71-6386-4D30-A6A9-2401121BEEE3}"
EndProject
Project("{9A19103F-16F7-4668-BE54-9A1E7A4F7556}") = "GitHubExtensionServer", "src\GitHubExtensionServer\GitHubExtensionServer.csproj", "{9AEDC455-CF92-43A7-8E89-C6CA50DEC536}"
EndProject
Project("{9A19103F-16F7-4668-BE54-9A1E7A4F7556}") = "GitHubExtension.Telemetry", "src\Telemetry\GitHubExtension.Telemetry.csproj", "{8E1764CB-2FFC-4F23-9FC0-BDE84E519319}"
EndProject
Project("{2150E333-8FDC-42A3-9474-1A3956D46DE8}") = "src", "src", "{5BDF2709-4299-49C3-B971-B10747F2925D}"
EndProject
Project("{2150E333-8FDC-42A3-9474-1A3956D46DE8}") = "test", "test", "{429CEDBA-88C4-4315-9EA1-50AB6DF8855C}"
EndProject
Project("{2150E333-8FDC-42A3-9474-1A3956D46DE8}") = "docs", "docs", "{83B5B67A-8A0F-4DEB-8159-4085A9551A16}"
	ProjectSection(SolutionItems) = preProject
		docs\readme.md = docs\readme.md
		docs\style.md = docs\style.md
	EndProjectSection
EndProject
Project("{2150E333-8FDC-42A3-9474-1A3956D46DE8}") = "build", "build", "{10E87373-ADA7-408F-9879-0F6BF101BE87}"
	ProjectSection(SolutionItems) = preProject
		build\azure-pipelines.yml = build\azure-pipelines.yml
		build\Build.cmd = build\Build.cmd
		build\Test.cmd = build\Test.cmd
	EndProjectSection
EndProject
Project("{2150E333-8FDC-42A3-9474-1A3956D46DE8}") = "scripts", "scripts", "{A371A158-E88C-48D1-9397-22844DDC2EF4}"
	ProjectSection(SolutionItems) = preProject
		build\scripts\Build.ps1 = build\scripts\Build.ps1
		build\scripts\CertSignAndInstall.ps1 = build\scripts\CertSignAndInstall.ps1
		build\scripts\Test.ps1 = build\scripts\Test.ps1
		build\scripts\Unstub.ps1 = build\scripts\Unstub.ps1
	EndProjectSection
EndProject
Project("{9A19103F-16F7-4668-BE54-9A1E7A4F7556}") = "GitHubExtension.Test", "test\GitHubExtension\GitHubExtension.Test.csproj", "{D8EFDB34-7019-4807-AE97-1B50891F345D}"
EndProject
Project("{9A19103F-16F7-4668-BE54-9A1E7A4F7556}") = "DevHome.Logging", "src\Logging\DevHome.Logging.csproj", "{FEEEDA62-F746-4160-A3A8-1EE74137F8AB}"
EndProject
Project("{2150E333-8FDC-42A3-9474-1A3956D46DE8}") = "scripts", "scripts", "{E4D6AB24-08F6-4352-9BB8-8E92148DA618}"
	ProjectSection(SolutionItems) = preProject
		test\scripts\CleanDevHome.ps1 = test\scripts\CleanDevHome.ps1
		test\scripts\CleanWidgets.ps1 = test\scripts\CleanWidgets.ps1
	EndProjectSection
EndProject
Global
	GlobalSection(SolutionConfigurationPlatforms) = preSolution
		Debug|Any CPU = Debug|Any CPU
		Debug|ARM = Debug|ARM
		Debug|arm64 = Debug|arm64
		Debug|x64 = Debug|x64
		Debug|x86 = Debug|x86
		Release|Any CPU = Release|Any CPU
		Release|ARM = Release|ARM
		Release|arm64 = Release|arm64
		Release|x64 = Release|x64
		Release|x86 = Release|x86
	EndGlobalSection
	GlobalSection(ProjectConfigurationPlatforms) = postSolution
		{E9F49E1C-C15D-4B87-92CA-9003C1C31DB5}.Debug|Any CPU.ActiveCfg = Debug|x64
		{E9F49E1C-C15D-4B87-92CA-9003C1C31DB5}.Debug|Any CPU.Build.0 = Debug|x64
		{E9F49E1C-C15D-4B87-92CA-9003C1C31DB5}.Debug|ARM.ActiveCfg = Debug|x64
		{E9F49E1C-C15D-4B87-92CA-9003C1C31DB5}.Debug|ARM.Build.0 = Debug|x64
		{E9F49E1C-C15D-4B87-92CA-9003C1C31DB5}.Debug|arm64.ActiveCfg = Debug|arm64
		{E9F49E1C-C15D-4B87-92CA-9003C1C31DB5}.Debug|arm64.Build.0 = Debug|arm64
		{E9F49E1C-C15D-4B87-92CA-9003C1C31DB5}.Debug|x64.ActiveCfg = Debug|x64
		{E9F49E1C-C15D-4B87-92CA-9003C1C31DB5}.Debug|x64.Build.0 = Debug|x64
		{E9F49E1C-C15D-4B87-92CA-9003C1C31DB5}.Debug|x86.ActiveCfg = Debug|x86
		{E9F49E1C-C15D-4B87-92CA-9003C1C31DB5}.Debug|x86.Build.0 = Debug|x86
		{E9F49E1C-C15D-4B87-92CA-9003C1C31DB5}.Release|Any CPU.ActiveCfg = Release|x64
		{E9F49E1C-C15D-4B87-92CA-9003C1C31DB5}.Release|Any CPU.Build.0 = Release|x64
		{E9F49E1C-C15D-4B87-92CA-9003C1C31DB5}.Release|ARM.ActiveCfg = Release|x64
		{E9F49E1C-C15D-4B87-92CA-9003C1C31DB5}.Release|ARM.Build.0 = Release|x64
		{E9F49E1C-C15D-4B87-92CA-9003C1C31DB5}.Release|arm64.ActiveCfg = Release|arm64
		{E9F49E1C-C15D-4B87-92CA-9003C1C31DB5}.Release|arm64.Build.0 = Release|arm64
		{E9F49E1C-C15D-4B87-92CA-9003C1C31DB5}.Release|x64.ActiveCfg = Release|x64
		{E9F49E1C-C15D-4B87-92CA-9003C1C31DB5}.Release|x64.Build.0 = Release|x64
		{E9F49E1C-C15D-4B87-92CA-9003C1C31DB5}.Release|x86.ActiveCfg = Release|x86
		{E9F49E1C-C15D-4B87-92CA-9003C1C31DB5}.Release|x86.Build.0 = Release|x86
		{90991D71-5740-4C75-B79B-6092F4D75BF4}.Debug|Any CPU.ActiveCfg = Debug|x64
		{90991D71-5740-4C75-B79B-6092F4D75BF4}.Debug|Any CPU.Build.0 = Debug|x64
		{90991D71-5740-4C75-B79B-6092F4D75BF4}.Debug|ARM.ActiveCfg = Debug|x64
		{90991D71-5740-4C75-B79B-6092F4D75BF4}.Debug|ARM.Build.0 = Debug|x64
		{90991D71-5740-4C75-B79B-6092F4D75BF4}.Debug|arm64.ActiveCfg = Debug|arm64
		{90991D71-5740-4C75-B79B-6092F4D75BF4}.Debug|arm64.Build.0 = Debug|arm64
		{90991D71-5740-4C75-B79B-6092F4D75BF4}.Debug|x64.ActiveCfg = Debug|x64
		{90991D71-5740-4C75-B79B-6092F4D75BF4}.Debug|x64.Build.0 = Debug|x64
		{90991D71-5740-4C75-B79B-6092F4D75BF4}.Debug|x64.Deploy.0 = Debug|x64
		{90991D71-5740-4C75-B79B-6092F4D75BF4}.Debug|x86.ActiveCfg = Debug|x86
		{90991D71-5740-4C75-B79B-6092F4D75BF4}.Debug|x86.Build.0 = Debug|x86
		{90991D71-5740-4C75-B79B-6092F4D75BF4}.Release|Any CPU.ActiveCfg = Release|x64
		{90991D71-5740-4C75-B79B-6092F4D75BF4}.Release|Any CPU.Build.0 = Release|x64
		{90991D71-5740-4C75-B79B-6092F4D75BF4}.Release|ARM.ActiveCfg = Release|x64
		{90991D71-5740-4C75-B79B-6092F4D75BF4}.Release|ARM.Build.0 = Release|x64
		{90991D71-5740-4C75-B79B-6092F4D75BF4}.Release|arm64.ActiveCfg = Release|arm64
		{90991D71-5740-4C75-B79B-6092F4D75BF4}.Release|arm64.Build.0 = Release|arm64
		{90991D71-5740-4C75-B79B-6092F4D75BF4}.Release|x64.ActiveCfg = Release|x64
		{90991D71-5740-4C75-B79B-6092F4D75BF4}.Release|x64.Build.0 = Release|x64
		{90991D71-5740-4C75-B79B-6092F4D75BF4}.Release|x64.Deploy.0 = Release|x64
		{90991D71-5740-4C75-B79B-6092F4D75BF4}.Release|x86.ActiveCfg = Release|x86
		{90991D71-5740-4C75-B79B-6092F4D75BF4}.Release|x86.Build.0 = Release|x86
		{FFC1FC71-6386-4D30-A6A9-2401121BEEE3}.Debug|Any CPU.ActiveCfg = Debug|x64
		{FFC1FC71-6386-4D30-A6A9-2401121BEEE3}.Debug|Any CPU.Build.0 = Debug|x64
		{FFC1FC71-6386-4D30-A6A9-2401121BEEE3}.Debug|ARM.ActiveCfg = Debug|x64
		{FFC1FC71-6386-4D30-A6A9-2401121BEEE3}.Debug|ARM.Build.0 = Debug|x64
		{FFC1FC71-6386-4D30-A6A9-2401121BEEE3}.Debug|arm64.ActiveCfg = Debug|ARM64
		{FFC1FC71-6386-4D30-A6A9-2401121BEEE3}.Debug|arm64.Build.0 = Debug|ARM64
		{FFC1FC71-6386-4D30-A6A9-2401121BEEE3}.Debug|x64.ActiveCfg = Debug|x64
		{FFC1FC71-6386-4D30-A6A9-2401121BEEE3}.Debug|x64.Build.0 = Debug|x64
		{FFC1FC71-6386-4D30-A6A9-2401121BEEE3}.Debug|x86.ActiveCfg = Debug|x86
		{FFC1FC71-6386-4D30-A6A9-2401121BEEE3}.Debug|x86.Build.0 = Debug|x86
		{FFC1FC71-6386-4D30-A6A9-2401121BEEE3}.Release|Any CPU.ActiveCfg = Release|x64
		{FFC1FC71-6386-4D30-A6A9-2401121BEEE3}.Release|Any CPU.Build.0 = Release|x64
		{FFC1FC71-6386-4D30-A6A9-2401121BEEE3}.Release|ARM.ActiveCfg = Release|x64
		{FFC1FC71-6386-4D30-A6A9-2401121BEEE3}.Release|ARM.Build.0 = Release|x64
		{FFC1FC71-6386-4D30-A6A9-2401121BEEE3}.Release|arm64.ActiveCfg = Release|ARM64
		{FFC1FC71-6386-4D30-A6A9-2401121BEEE3}.Release|arm64.Build.0 = Release|ARM64
		{FFC1FC71-6386-4D30-A6A9-2401121BEEE3}.Release|x64.ActiveCfg = Release|x64
		{FFC1FC71-6386-4D30-A6A9-2401121BEEE3}.Release|x64.Build.0 = Release|x64
		{FFC1FC71-6386-4D30-A6A9-2401121BEEE3}.Release|x86.ActiveCfg = Release|x86
		{FFC1FC71-6386-4D30-A6A9-2401121BEEE3}.Release|x86.Build.0 = Release|x86
		{9AEDC455-CF92-43A7-8E89-C6CA50DEC536}.Debug|Any CPU.ActiveCfg = Debug|x64
		{9AEDC455-CF92-43A7-8E89-C6CA50DEC536}.Debug|Any CPU.Build.0 = Debug|x64
		{9AEDC455-CF92-43A7-8E89-C6CA50DEC536}.Debug|Any CPU.Deploy.0 = Debug|x64
		{9AEDC455-CF92-43A7-8E89-C6CA50DEC536}.Debug|ARM.ActiveCfg = Debug|x64
		{9AEDC455-CF92-43A7-8E89-C6CA50DEC536}.Debug|ARM.Build.0 = Debug|x64
		{9AEDC455-CF92-43A7-8E89-C6CA50DEC536}.Debug|arm64.ActiveCfg = Debug|ARM64
		{9AEDC455-CF92-43A7-8E89-C6CA50DEC536}.Debug|arm64.Build.0 = Debug|ARM64
		{9AEDC455-CF92-43A7-8E89-C6CA50DEC536}.Debug|arm64.Deploy.0 = Debug|ARM64
		{9AEDC455-CF92-43A7-8E89-C6CA50DEC536}.Debug|x64.ActiveCfg = Debug|x64
		{9AEDC455-CF92-43A7-8E89-C6CA50DEC536}.Debug|x64.Build.0 = Debug|x64
		{9AEDC455-CF92-43A7-8E89-C6CA50DEC536}.Debug|x64.Deploy.0 = Debug|x64
		{9AEDC455-CF92-43A7-8E89-C6CA50DEC536}.Debug|x86.ActiveCfg = Debug|x86
		{9AEDC455-CF92-43A7-8E89-C6CA50DEC536}.Debug|x86.Build.0 = Debug|x86
		{9AEDC455-CF92-43A7-8E89-C6CA50DEC536}.Release|Any CPU.ActiveCfg = Release|x64
		{9AEDC455-CF92-43A7-8E89-C6CA50DEC536}.Release|Any CPU.Build.0 = Release|x64
		{9AEDC455-CF92-43A7-8E89-C6CA50DEC536}.Release|ARM.ActiveCfg = Release|x64
		{9AEDC455-CF92-43A7-8E89-C6CA50DEC536}.Release|ARM.Build.0 = Release|x64
		{9AEDC455-CF92-43A7-8E89-C6CA50DEC536}.Release|arm64.ActiveCfg = Release|ARM64
		{9AEDC455-CF92-43A7-8E89-C6CA50DEC536}.Release|arm64.Build.0 = Release|ARM64
		{9AEDC455-CF92-43A7-8E89-C6CA50DEC536}.Release|arm64.Deploy.0 = Release|ARM64
		{9AEDC455-CF92-43A7-8E89-C6CA50DEC536}.Release|x64.ActiveCfg = Release|x64
		{9AEDC455-CF92-43A7-8E89-C6CA50DEC536}.Release|x64.Build.0 = Release|x64
		{9AEDC455-CF92-43A7-8E89-C6CA50DEC536}.Release|x64.Deploy.0 = Release|x64
		{9AEDC455-CF92-43A7-8E89-C6CA50DEC536}.Release|x86.ActiveCfg = Release|x86
		{9AEDC455-CF92-43A7-8E89-C6CA50DEC536}.Release|x86.Build.0 = Release|x86
		{8E1764CB-2FFC-4F23-9FC0-BDE84E519319}.Debug|Any CPU.ActiveCfg = Debug|x64
		{8E1764CB-2FFC-4F23-9FC0-BDE84E519319}.Debug|Any CPU.Build.0 = Debug|x64
		{8E1764CB-2FFC-4F23-9FC0-BDE84E519319}.Debug|ARM.ActiveCfg = Debug|x64
		{8E1764CB-2FFC-4F23-9FC0-BDE84E519319}.Debug|ARM.Build.0 = Debug|x64
		{8E1764CB-2FFC-4F23-9FC0-BDE84E519319}.Debug|arm64.ActiveCfg = Debug|arm64
		{8E1764CB-2FFC-4F23-9FC0-BDE84E519319}.Debug|arm64.Build.0 = Debug|arm64
		{8E1764CB-2FFC-4F23-9FC0-BDE84E519319}.Debug|x64.ActiveCfg = Debug|x64
		{8E1764CB-2FFC-4F23-9FC0-BDE84E519319}.Debug|x64.Build.0 = Debug|x64
		{8E1764CB-2FFC-4F23-9FC0-BDE84E519319}.Debug|x86.ActiveCfg = Debug|x86
		{8E1764CB-2FFC-4F23-9FC0-BDE84E519319}.Debug|x86.Build.0 = Debug|x86
		{8E1764CB-2FFC-4F23-9FC0-BDE84E519319}.Release|Any CPU.ActiveCfg = Release|x64
		{8E1764CB-2FFC-4F23-9FC0-BDE84E519319}.Release|Any CPU.Build.0 = Release|x64
		{8E1764CB-2FFC-4F23-9FC0-BDE84E519319}.Release|ARM.ActiveCfg = Release|x64
		{8E1764CB-2FFC-4F23-9FC0-BDE84E519319}.Release|ARM.Build.0 = Release|x64
		{8E1764CB-2FFC-4F23-9FC0-BDE84E519319}.Release|arm64.ActiveCfg = Release|arm64
		{8E1764CB-2FFC-4F23-9FC0-BDE84E519319}.Release|arm64.Build.0 = Release|arm64
		{8E1764CB-2FFC-4F23-9FC0-BDE84E519319}.Release|x64.ActiveCfg = Release|x64
		{8E1764CB-2FFC-4F23-9FC0-BDE84E519319}.Release|x64.Build.0 = Release|x64
		{8E1764CB-2FFC-4F23-9FC0-BDE84E519319}.Release|x86.ActiveCfg = Release|x86
		{8E1764CB-2FFC-4F23-9FC0-BDE84E519319}.Release|x86.Build.0 = Release|x86
		{D8EFDB34-7019-4807-AE97-1B50891F345D}.Debug|Any CPU.ActiveCfg = Debug|x64
		{D8EFDB34-7019-4807-AE97-1B50891F345D}.Debug|Any CPU.Build.0 = Debug|x64
		{D8EFDB34-7019-4807-AE97-1B50891F345D}.Debug|ARM.ActiveCfg = Debug|x64
		{D8EFDB34-7019-4807-AE97-1B50891F345D}.Debug|ARM.Build.0 = Debug|x64
		{D8EFDB34-7019-4807-AE97-1B50891F345D}.Debug|arm64.ActiveCfg = Debug|arm64
		{D8EFDB34-7019-4807-AE97-1B50891F345D}.Debug|arm64.Build.0 = Debug|arm64
		{D8EFDB34-7019-4807-AE97-1B50891F345D}.Debug|x64.ActiveCfg = Debug|x64
		{D8EFDB34-7019-4807-AE97-1B50891F345D}.Debug|x64.Build.0 = Debug|x64
		{D8EFDB34-7019-4807-AE97-1B50891F345D}.Debug|x86.ActiveCfg = Debug|x86
		{D8EFDB34-7019-4807-AE97-1B50891F345D}.Debug|x86.Build.0 = Debug|x86
		{D8EFDB34-7019-4807-AE97-1B50891F345D}.Release|Any CPU.ActiveCfg = Release|x64
		{D8EFDB34-7019-4807-AE97-1B50891F345D}.Release|Any CPU.Build.0 = Release|x64
		{D8EFDB34-7019-4807-AE97-1B50891F345D}.Release|ARM.ActiveCfg = Release|x64
		{D8EFDB34-7019-4807-AE97-1B50891F345D}.Release|ARM.Build.0 = Release|x64
		{D8EFDB34-7019-4807-AE97-1B50891F345D}.Release|arm64.ActiveCfg = Release|arm64
		{D8EFDB34-7019-4807-AE97-1B50891F345D}.Release|arm64.Build.0 = Release|arm64
		{D8EFDB34-7019-4807-AE97-1B50891F345D}.Release|x64.ActiveCfg = Release|x64
		{D8EFDB34-7019-4807-AE97-1B50891F345D}.Release|x64.Build.0 = Release|x64
		{D8EFDB34-7019-4807-AE97-1B50891F345D}.Release|x86.ActiveCfg = Release|x86
		{D8EFDB34-7019-4807-AE97-1B50891F345D}.Release|x86.Build.0 = Release|x86
		{FEEEDA62-F746-4160-A3A8-1EE74137F8AB}.Debug|Any CPU.ActiveCfg = Debug|x64
		{FEEEDA62-F746-4160-A3A8-1EE74137F8AB}.Debug|Any CPU.Build.0 = Debug|x64
		{FEEEDA62-F746-4160-A3A8-1EE74137F8AB}.Debug|ARM.ActiveCfg = Debug|x64
		{FEEEDA62-F746-4160-A3A8-1EE74137F8AB}.Debug|ARM.Build.0 = Debug|x64
		{FEEEDA62-F746-4160-A3A8-1EE74137F8AB}.Debug|arm64.ActiveCfg = Debug|arm64
		{FEEEDA62-F746-4160-A3A8-1EE74137F8AB}.Debug|arm64.Build.0 = Debug|arm64
		{FEEEDA62-F746-4160-A3A8-1EE74137F8AB}.Debug|x64.ActiveCfg = Debug|x64
		{FEEEDA62-F746-4160-A3A8-1EE74137F8AB}.Debug|x64.Build.0 = Debug|x64
		{FEEEDA62-F746-4160-A3A8-1EE74137F8AB}.Debug|x86.ActiveCfg = Debug|x86
		{FEEEDA62-F746-4160-A3A8-1EE74137F8AB}.Debug|x86.Build.0 = Debug|x86
		{FEEEDA62-F746-4160-A3A8-1EE74137F8AB}.Release|Any CPU.ActiveCfg = Release|x64
		{FEEEDA62-F746-4160-A3A8-1EE74137F8AB}.Release|Any CPU.Build.0 = Release|x64
		{FEEEDA62-F746-4160-A3A8-1EE74137F8AB}.Release|ARM.ActiveCfg = Release|x64
		{FEEEDA62-F746-4160-A3A8-1EE74137F8AB}.Release|ARM.Build.0 = Release|x64
		{FEEEDA62-F746-4160-A3A8-1EE74137F8AB}.Release|arm64.ActiveCfg = Release|arm64
		{FEEEDA62-F746-4160-A3A8-1EE74137F8AB}.Release|arm64.Build.0 = Release|arm64
		{FEEEDA62-F746-4160-A3A8-1EE74137F8AB}.Release|x64.ActiveCfg = Release|x64
		{FEEEDA62-F746-4160-A3A8-1EE74137F8AB}.Release|x64.Build.0 = Release|x64
		{FEEEDA62-F746-4160-A3A8-1EE74137F8AB}.Release|x86.ActiveCfg = Release|x86
		{FEEEDA62-F746-4160-A3A8-1EE74137F8AB}.Release|x86.Build.0 = Release|x86
	EndGlobalSection
	GlobalSection(SolutionProperties) = preSolution
		HideSolutionNode = FALSE
	EndGlobalSection
	GlobalSection(NestedProjects) = preSolution
		{E9F49E1C-C15D-4B87-92CA-9003C1C31DB5} = {429CEDBA-88C4-4315-9EA1-50AB6DF8855C}
		{90991D71-5740-4C75-B79B-6092F4D75BF4} = {429CEDBA-88C4-4315-9EA1-50AB6DF8855C}
		{FFC1FC71-6386-4D30-A6A9-2401121BEEE3} = {5BDF2709-4299-49C3-B971-B10747F2925D}
		{9AEDC455-CF92-43A7-8E89-C6CA50DEC536} = {5BDF2709-4299-49C3-B971-B10747F2925D}
		{8E1764CB-2FFC-4F23-9FC0-BDE84E519319} = {5BDF2709-4299-49C3-B971-B10747F2925D}
		{A371A158-E88C-48D1-9397-22844DDC2EF4} = {10E87373-ADA7-408F-9879-0F6BF101BE87}
		{D8EFDB34-7019-4807-AE97-1B50891F345D} = {429CEDBA-88C4-4315-9EA1-50AB6DF8855C}
		{FEEEDA62-F746-4160-A3A8-1EE74137F8AB} = {5BDF2709-4299-49C3-B971-B10747F2925D}
		{E4D6AB24-08F6-4352-9BB8-8E92148DA618} = {429CEDBA-88C4-4315-9EA1-50AB6DF8855C}
	EndGlobalSection
	GlobalSection(ExtensibilityGlobals) = postSolution
		SolutionGuid = {030B5641-B206-46BB-BF71-36FF009088FA}
	EndGlobalSection
EndGlobal
